
Microsoft Visual Studio Solution File, Format Version 12.00
# Visual Studio 15
VisualStudioVersion = 15.0.27703.2035
MinimumVisualStudioVersion = 10.0.40219.1
Project("{FAE04EC0-301F-11D3-BF4B-00C04F79EFBC}") = "Modification", "Modification.csproj", "{630C41E3-30B8-46F4-A854-A510F2CDC2EF}"
EndProject
Global
	GlobalSection(SolutionConfigurationPlatforms) = preSolution
		Debug|Any CPU = Debug|Any CPU
		Release|Any CPU = Release|Any CPU
	EndGlobalSection
	GlobalSection(ProjectConfigurationPlatforms) = postSolution
		{630C41E3-30B8-46F4-A854-A510F2CDC2EF}.Debug|Any CPU.ActiveCfg = Debug|Any CPU
		{630C41E3-30B8-46F4-A854-A510F2CDC2EF}.Debug|Any CPU.Build.0 = Debug|Any CPU
		{630C41E3-30B8-46F4-A854-A510F2CDC2EF}.Release|Any CPU.ActiveCfg = Release|Any CPU
		{630C41E3-30B8-46F4-A854-A510F2CDC2EF}.Release|Any CPU.Build.0 = Release|Any CPU
	EndGlobalSection
	GlobalSection(SolutionProperties) = preSolution
		HideSolutionNode = FALSE
	EndGlobalSection
	GlobalSection(ExtensibilityGlobals) = postSolution
		SolutionGuid = {C494553F-D46B-4A3C-8244-97B477FA0F5F}
	EndGlobalSection
EndGlobal
