
Microsoft Visual Studio Solution File, Format Version 12.00
# Visual Studio 15
VisualStudioVersion = 15.0.27703.2035
MinimumVisualStudioVersion = 10.0.40219.1
Project("{FAE04EC0-301F-11D3-BF4B-00C04F79EFBC}") = "Intro", "Intro.csproj", "{7BBF5EF3-BF3D-4633-B9B9-2A88E5BE91AE}"
EndProject
Global
	GlobalSection(SolutionConfigurationPlatforms) = preSolution
		Debug|Any CPU = Debug|Any CPU
		Release|Any CPU = Release|Any CPU
	EndGlobalSection
	GlobalSection(ProjectConfigurationPlatforms) = postSolution
		{7BBF5EF3-BF3D-4633-B9B9-2A88E5BE91AE}.Debug|Any CPU.ActiveCfg = Debug|Any CPU
		{7BBF5EF3-BF3D-4633-B9B9-2A88E5BE91AE}.Debug|Any CPU.Build.0 = Debug|Any CPU
		{7BBF5EF3-BF3D-4633-B9B9-2A88E5BE91AE}.Release|Any CPU.ActiveCfg = Release|Any CPU
		{7BBF5EF3-BF3D-4633-B9B9-2A88E5BE91AE}.Release|Any CPU.Build.0 = Release|Any CPU
	EndGlobalSection
	GlobalSection(SolutionProperties) = preSolution
		HideSolutionNode = FALSE
	EndGlobalSection
	GlobalSection(ExtensibilityGlobals) = postSolution
		SolutionGuid = {617EEC03-39BE-4F8A-B473-84F10880DB3E}
	EndGlobalSection
EndGlobal
